
Microsoft Visual Studio Solution File, Format Version 12.00
# Visual Studio 15
VisualStudioVersion = 15.0.26430.15
MinimumVisualStudioVersion = 10.0.40219.1
Project("{FAE04EC0-301F-11D3-BF4B-00C04F79EFBC}") = "SexShop", "SexShop\SexShop.csproj", "{7D04A3F6-DD3A-4179-8606-B385416D717C}"
EndProject
Global
	GlobalSection(SolutionConfigurationPlatforms) = preSolution
		Debug|Any CPU = Debug|Any CPU
		Release|Any CPU = Release|Any CPU
	EndGlobalSection
	GlobalSection(ProjectConfigurationPlatforms) = postSolution
		{7D04A3F6-DD3A-4179-8606-B385416D717C}.Debug|Any CPU.ActiveCfg = Debug|Any CPU
		{7D04A3F6-DD3A-4179-8606-B385416D717C}.Debug|Any CPU.Build.0 = Debug|Any CPU
		{7D04A3F6-DD3A-4179-8606-B385416D717C}.Release|Any CPU.ActiveCfg = Release|Any CPU
		{7D04A3F6-DD3A-4179-8606-B385416D717C}.Release|Any CPU.Build.0 = Release|Any CPU
	EndGlobalSection
	GlobalSection(SolutionProperties) = preSolution
		HideSolutionNode = FALSE
	EndGlobalSection
EndGlobal
